
Microsoft Visual Studio Solution File, Format Version 12.00
# Visual Studio Version 17
VisualStudioVersion = 17.3.32901.215
MinimumVisualStudioVersion = 10.0.40219.1
Project("{FAE04EC0-301F-11D3-BF4B-00C04F79EFBC}") = "Vista", "TPCarrito_Varela\Vista.csproj", "{2957D43E-60DE-445E-B2BE-D56936476C28}"
EndProject
Project("{FAE04EC0-301F-11D3-BF4B-00C04F79EFBC}") = "Dominio", "Dominio\Dominio.csproj", "{056E012E-6D89-41C5-8010-BFD34E0EEF00}"
EndProject
Project("{FAE04EC0-301F-11D3-BF4B-00C04F79EFBC}") = "Negocio", "Negocio\Negocio.csproj", "{38DB3347-1A1D-4904-8D8C-B88555B5860D}"
EndProject
Global
	GlobalSection(SolutionConfigurationPlatforms) = preSolution
		Debug|Any CPU = Debug|Any CPU
		Release|Any CPU = Release|Any CPU
	EndGlobalSection
	GlobalSection(ProjectConfigurationPlatforms) = postSolution
		{2957D43E-60DE-445E-B2BE-D56936476C28}.Debug|Any CPU.ActiveCfg = Debug|Any CPU
		{2957D43E-60DE-445E-B2BE-D56936476C28}.Debug|Any CPU.Build.0 = Debug|Any CPU
		{2957D43E-60DE-445E-B2BE-D56936476C28}.Release|Any CPU.ActiveCfg = Release|Any CPU
		{2957D43E-60DE-445E-B2BE-D56936476C28}.Release|Any CPU.Build.0 = Release|Any CPU
		{056E012E-6D89-41C5-8010-BFD34E0EEF00}.Debug|Any CPU.ActiveCfg = Debug|Any CPU
		{056E012E-6D89-41C5-8010-BFD34E0EEF00}.Debug|Any CPU.Build.0 = Debug|Any CPU
		{056E012E-6D89-41C5-8010-BFD34E0EEF00}.Release|Any CPU.ActiveCfg = Release|Any CPU
		{056E012E-6D89-41C5-8010-BFD34E0EEF00}.Release|Any CPU.Build.0 = Release|Any CPU
		{38DB3347-1A1D-4904-8D8C-B88555B5860D}.Debug|Any CPU.ActiveCfg = Debug|Any CPU
		{38DB3347-1A1D-4904-8D8C-B88555B5860D}.Debug|Any CPU.Build.0 = Debug|Any CPU
		{38DB3347-1A1D-4904-8D8C-B88555B5860D}.Release|Any CPU.ActiveCfg = Release|Any CPU
		{38DB3347-1A1D-4904-8D8C-B88555B5860D}.Release|Any CPU.Build.0 = Release|Any CPU
	EndGlobalSection
	GlobalSection(SolutionProperties) = preSolution
		HideSolutionNode = FALSE
	EndGlobalSection
	GlobalSection(ExtensibilityGlobals) = postSolution
		SolutionGuid = {4EFBCC79-A01F-44F8-A790-6D0C7C248818}
	EndGlobalSection
EndGlobal
